
Microsoft Visual Studio Solution File, Format Version 12.00
# Visual Studio Version 16
VisualStudioVersion = 16.0.32002.261
MinimumVisualStudioVersion = 10.0.40219.1
Project("{FAE04EC0-301F-11D3-BF4B-00C04F79EFBC}") = "AuthenticationAndAuthorizationExample", "AuthenticationAndAuthorizationExample\AuthenticationAndAuthorizationExample.csproj", "{74202A67-63D4-4F01-ADCF-12F556B1D202}"
EndProject
Global
	GlobalSection(SolutionConfigurationPlatforms) = preSolution
		Debug|Any CPU = Debug|Any CPU
		Release|Any CPU = Release|Any CPU
	EndGlobalSection
	GlobalSection(ProjectConfigurationPlatforms) = postSolution
		{74202A67-63D4-4F01-ADCF-12F556B1D202}.Debug|Any CPU.ActiveCfg = Debug|Any CPU
		{74202A67-63D4-4F01-ADCF-12F556B1D202}.Debug|Any CPU.Build.0 = Debug|Any CPU
		{74202A67-63D4-4F01-ADCF-12F556B1D202}.Release|Any CPU.ActiveCfg = Release|Any CPU
		{74202A67-63D4-4F01-ADCF-12F556B1D202}.Release|Any CPU.Build.0 = Release|Any CPU
	EndGlobalSection
	GlobalSection(SolutionProperties) = preSolution
		HideSolutionNode = FALSE
	EndGlobalSection
	GlobalSection(ExtensibilityGlobals) = postSolution
		SolutionGuid = {866BE631-D4E1-4662-8C23-B9A74DFFA6D5}
	EndGlobalSection
EndGlobal
